// !$*UTF8*$!
{
	archiveVersion = 1;
	classes = {
	};
	objectVersion = 50;
	objects = {

/* Begin PBXBuildFile section */
		3610BE712355E98100BC3EFF /* Exercise.swift in Sources */ = {isa = PBXBuildFile; fileRef = 3610BE702355E98100BC3EFF /* Exercise.swift */; };
		3610BE732355EA6C00BC3EFF /* DataModel.swift in Sources */ = {isa = PBXBuildFile; fileRef = 3610BE722355EA6C00BC3EFF /* DataModel.swift */; };
		3610BE752355ECDD00BC3EFF /* ExerciseListViewController.swift in Sources */ = {isa = PBXBuildFile; fileRef = 3610BE742355ECDD00BC3EFF /* ExerciseListViewController.swift */; };
		3610BE772355F2FA00BC3EFF /* DataModelTests.swift in Sources */ = {isa = PBXBuildFile; fileRef = 3610BE762355F2FA00BC3EFF /* DataModelTests.swift */; };
		3610BE782355F31D00BC3EFF /* DataModel.swift in Sources */ = {isa = PBXBuildFile; fileRef = 3610BE722355EA6C00BC3EFF /* DataModel.swift */; };
		3610BE792355F35D00BC3EFF /* Exercise.swift in Sources */ = {isa = PBXBuildFile; fileRef = 3610BE702355E98100BC3EFF /* Exercise.swift */; };
		3610BE7B23560F8900BC3EFF /* ExerciseDetailViewController.swift in Sources */ = {isa = PBXBuildFile; fileRef = 3610BE7A23560F8900BC3EFF /* ExerciseDetailViewController.swift */; };
		3663CE3F23268B66009E8BCC /* AppDelegate.swift in Sources */ = {isa = PBXBuildFile; fileRef = 3663CE3E23268B66009E8BCC /* AppDelegate.swift */; };
		3663CE4423268B66009E8BCC /* Main.storyboard in Resources */ = {isa = PBXBuildFile; fileRef = 3663CE4223268B66009E8BCC /* Main.storyboard */; };
		3663CE4923268B66009E8BCC /* Assets.xcassets in Resources */ = {isa = PBXBuildFile; fileRef = 3663CE4823268B66009E8BCC /* Assets.xcassets */; };
		3663CE4C23268B66009E8BCC /* LaunchScreen.storyboard in Resources */ = {isa = PBXBuildFile; fileRef = 3663CE4A23268B66009E8BCC /* LaunchScreen.storyboard */; };
		3663CE6223268B66009E8BCC /* WorkoutDiaryUITests.swift in Sources */ = {isa = PBXBuildFile; fileRef = 3663CE6123268B66009E8BCC /* WorkoutDiaryUITests.swift */; };
/* End PBXBuildFile section */

/* Begin PBXContainerItemProxy section */
		3663CE5323268B66009E8BCC /* PBXContainerItemProxy */ = {
			isa = PBXContainerItemProxy;
			containerPortal = 3663CE3323268B66009E8BCC /* Project object */;
			proxyType = 1;
			remoteGlobalIDString = 3663CE3A23268B66009E8BCC;
			remoteInfo = WorkoutDiary;
		};
		3663CE5E23268B66009E8BCC /* PBXContainerItemProxy */ = {
			isa = PBXContainerItemProxy;
			containerPortal = 3663CE3323268B66009E8BCC /* Project object */;
			proxyType = 1;
			remoteGlobalIDString = 3663CE3A23268B66009E8BCC;
			remoteInfo = WorkoutDiary;
		};
/* End PBXContainerItemProxy section */

/* Begin PBXFileReference section */
		3610BE702355E98100BC3EFF /* Exercise.swift */ = {isa = PBXFileReference; lastKnownFileType = sourcecode.swift; name = Exercise.swift; path = WorkoutDiary/Model/Exercise.swift; sourceTree = SOURCE_ROOT; };
		3610BE722355EA6C00BC3EFF /* DataModel.swift */ = {isa = PBXFileReference; lastKnownFileType = sourcecode.swift; path = DataModel.swift; sourceTree = "<group>"; };
		3610BE742355ECDD00BC3EFF /* ExerciseListViewController.swift */ = {isa = PBXFileReference; lastKnownFileType = sourcecode.swift; path = ExerciseListViewController.swift; sourceTree = "<group>"; };
		3610BE762355F2FA00BC3EFF /* DataModelTests.swift */ = {isa = PBXFileReference; lastKnownFileType = sourcecode.swift; path = DataModelTests.swift; sourceTree = "<group>"; };
		3610BE7A23560F8900BC3EFF /* ExerciseDetailViewController.swift */ = {isa = PBXFileReference; lastKnownFileType = sourcecode.swift; path = ExerciseDetailViewController.swift; sourceTree = "<group>"; };
		3663CE3B23268B66009E8BCC /* WorkoutDiary.app */ = {isa = PBXFileReference; explicitFileType = wrapper.application; includeInIndex = 0; path = WorkoutDiary.app; sourceTree = BUILT_PRODUCTS_DIR; };
		3663CE3E23268B66009E8BCC /* AppDelegate.swift */ = {isa = PBXFileReference; lastKnownFileType = sourcecode.swift; path = AppDelegate.swift; sourceTree = "<group>"; };
		3663CE4323268B66009E8BCC /* Base */ = {isa = PBXFileReference; lastKnownFileType = file.storyboard; name = Base; path = Base.lproj/Main.storyboard; sourceTree = "<group>"; };
		3663CE4823268B66009E8BCC /* Assets.xcassets */ = {isa = PBXFileReference; lastKnownFileType = folder.assetcatalog; path = Assets.xcassets; sourceTree = "<group>"; };
		3663CE4B23268B66009E8BCC /* Base */ = {isa = PBXFileReference; lastKnownFileType = file.storyboard; name = Base; path = Base.lproj/LaunchScreen.storyboard; sourceTree = "<group>"; };
		3663CE4D23268B66009E8BCC /* Info.plist */ = {isa = PBXFileReference; lastKnownFileType = text.plist.xml; path = Info.plist; sourceTree = "<group>"; };
		3663CE5223268B66009E8BCC /* WorkoutDiaryTests.xctest */ = {isa = PBXFileReference; explicitFileType = wrapper.cfbundle; includeInIndex = 0; path = WorkoutDiaryTests.xctest; sourceTree = BUILT_PRODUCTS_DIR; };
		3663CE5823268B66009E8BCC /* Info.plist */ = {isa = PBXFileReference; lastKnownFileType = text.plist.xml; path = Info.plist; sourceTree = "<group>"; };
		3663CE5D23268B66009E8BCC /* WorkoutDiaryUITests.xctest */ = {isa = PBXFileReference; explicitFileType = wrapper.cfbundle; includeInIndex = 0; path = WorkoutDiaryUITests.xctest; sourceTree = BUILT_PRODUCTS_DIR; };
		3663CE6123268B66009E8BCC /* WorkoutDiaryUITests.swift */ = {isa = PBXFileReference; lastKnownFileType = sourcecode.swift; path = WorkoutDiaryUITests.swift; sourceTree = "<group>"; };
		3663CE6323268B66009E8BCC /* Info.plist */ = {isa = PBXFileReference; lastKnownFileType = text.plist.xml; path = Info.plist; sourceTree = "<group>"; };
/* End PBXFileReference section */

/* Begin PBXFrameworksBuildPhase section */
		3663CE3823268B66009E8BCC /* Frameworks */ = {
			isa = PBXFrameworksBuildPhase;
			buildActionMask = 2147483647;
			files = (
			);
			runOnlyForDeploymentPostprocessing = 0;
		};
		3663CE4F23268B66009E8BCC /* Frameworks */ = {
			isa = PBXFrameworksBuildPhase;
			buildActionMask = 2147483647;
			files = (
			);
			runOnlyForDeploymentPostprocessing = 0;
		};
		3663CE5A23268B66009E8BCC /* Frameworks */ = {
			isa = PBXFrameworksBuildPhase;
			buildActionMask = 2147483647;
			files = (
			);
			runOnlyForDeploymentPostprocessing = 0;
		};
/* End PBXFrameworksBuildPhase section */

/* Begin PBXGroup section */
		3643224F2350974000A5A7E2 /* Views */ = {
			isa = PBXGroup;
			children = (
				3663CE4223268B66009E8BCC /* Main.storyboard */,
				3663CE4A23268B66009E8BCC /* LaunchScreen.storyboard */,
			);
			path = Views;
			sourceTree = "<group>";
		};
		364322502350974F00A5A7E2 /* Controllers */ = {
			isa = PBXGroup;
			children = (
				3610BE742355ECDD00BC3EFF /* ExerciseListViewController.swift */,
				3610BE7A23560F8900BC3EFF /* ExerciseDetailViewController.swift */,
			);
			path = Controllers;
			sourceTree = "<group>";
		};
		364322512350975400A5A7E2 /* Model */ = {
			isa = PBXGroup;
			children = (
				3610BE702355E98100BC3EFF /* Exercise.swift */,
				3610BE722355EA6C00BC3EFF /* DataModel.swift */,
			);
			path = Model;
			sourceTree = "<group>";
		};
		364322522350976800A5A7E2 /* Support */ = {
			isa = PBXGroup;
			children = (
				3663CE3E23268B66009E8BCC /* AppDelegate.swift */,
				3663CE4D23268B66009E8BCC /* Info.plist */,
			);
			path = Support;
			sourceTree = "<group>";
		};
		364322532350977600A5A7E2 /* Resources */ = {
			isa = PBXGroup;
			children = (
				3663CE4823268B66009E8BCC /* Assets.xcassets */,
			);
			path = Resources;
			sourceTree = "<group>";
		};
		3663CE3223268B66009E8BCC = {
			isa = PBXGroup;
			children = (
				3663CE3D23268B66009E8BCC /* WorkoutDiary */,
				3663CE5523268B66009E8BCC /* WorkoutDiaryTests */,
				3663CE6023268B66009E8BCC /* WorkoutDiaryUITests */,
				3663CE3C23268B66009E8BCC /* Products */,
			);
			sourceTree = "<group>";
		};
		3663CE3C23268B66009E8BCC /* Products */ = {
			isa = PBXGroup;
			children = (
				3663CE3B23268B66009E8BCC /* WorkoutDiary.app */,
				3663CE5223268B66009E8BCC /* WorkoutDiaryTests.xctest */,
				3663CE5D23268B66009E8BCC /* WorkoutDiaryUITests.xctest */,
			);
			name = Products;
			sourceTree = "<group>";
		};
		3663CE3D23268B66009E8BCC /* WorkoutDiary */ = {
			isa = PBXGroup;
			children = (
				3643224F2350974000A5A7E2 /* Views */,
				364322502350974F00A5A7E2 /* Controllers */,
				364322512350975400A5A7E2 /* Model */,
				364322532350977600A5A7E2 /* Resources */,
				364322522350976800A5A7E2 /* Support */,
			);
			path = WorkoutDiary;
			sourceTree = "<group>";
		};
		3663CE5523268B66009E8BCC /* WorkoutDiaryTests */ = {
			isa = PBXGroup;
			children = (
				3663CE5823268B66009E8BCC /* Info.plist */,
				3610BE762355F2FA00BC3EFF /* DataModelTests.swift */,
			);
			path = WorkoutDiaryTests;
			sourceTree = "<group>";
		};
		3663CE6023268B66009E8BCC /* WorkoutDiaryUITests */ = {
			isa = PBXGroup;
			children = (
				3663CE6123268B66009E8BCC /* WorkoutDiaryUITests.swift */,
				3663CE6323268B66009E8BCC /* Info.plist */,
			);
			path = WorkoutDiaryUITests;
			sourceTree = "<group>";
		};
/* End PBXGroup section */

/* Begin PBXNativeTarget section */
		3663CE3A23268B66009E8BCC /* WorkoutDiary */ = {
			isa = PBXNativeTarget;
			buildConfigurationList = 3663CE6623268B66009E8BCC /* Build configuration list for PBXNativeTarget "WorkoutDiary" */;
			buildPhases = (
				3663CE3723268B66009E8BCC /* Sources */,
				364322592350C33E00A5A7E2 /* Run Swiftlint */,
				3663CE3823268B66009E8BCC /* Frameworks */,
				3663CE3923268B66009E8BCC /* Resources */,
			);
			buildRules = (
			);
			dependencies = (
			);
			name = WorkoutDiary;
			productName = WorkoutDiary;
			productReference = 3663CE3B23268B66009E8BCC /* WorkoutDiary.app */;
			productType = "com.apple.product-type.application";
		};
		3663CE5123268B66009E8BCC /* WorkoutDiaryTests */ = {
			isa = PBXNativeTarget;
			buildConfigurationList = 3663CE6923268B66009E8BCC /* Build configuration list for PBXNativeTarget "WorkoutDiaryTests" */;
			buildPhases = (
				3663CE4E23268B66009E8BCC /* Sources */,
				3663CE4F23268B66009E8BCC /* Frameworks */,
				3663CE5023268B66009E8BCC /* Resources */,
			);
			buildRules = (
			);
			dependencies = (
				3663CE5423268B66009E8BCC /* PBXTargetDependency */,
			);
			name = WorkoutDiaryTests;
			productName = WorkoutDiaryTests;
			productReference = 3663CE5223268B66009E8BCC /* WorkoutDiaryTests.xctest */;
			productType = "com.apple.product-type.bundle.unit-test";
		};
		3663CE5C23268B66009E8BCC /* WorkoutDiaryUITests */ = {
			isa = PBXNativeTarget;
			buildConfigurationList = 3663CE6C23268B66009E8BCC /* Build configuration list for PBXNativeTarget "WorkoutDiaryUITests" */;
			buildPhases = (
				3663CE5923268B66009E8BCC /* Sources */,
				3663CE5A23268B66009E8BCC /* Frameworks */,
				3663CE5B23268B66009E8BCC /* Resources */,
			);
			buildRules = (
			);
			dependencies = (
				3663CE5F23268B66009E8BCC /* PBXTargetDependency */,
			);
			name = WorkoutDiaryUITests;
			productName = WorkoutDiaryUITests;
			productReference = 3663CE5D23268B66009E8BCC /* WorkoutDiaryUITests.xctest */;
			productType = "com.apple.product-type.bundle.ui-testing";
		};
/* End PBXNativeTarget section */

/* Begin PBXProject section */
		3663CE3323268B66009E8BCC /* Project object */ = {
			isa = PBXProject;
			attributes = {
				LastSwiftUpdateCheck = 1030;
				LastUpgradeCheck = 1030;
				ORGANIZATIONNAME = "Martin Rist";
				TargetAttributes = {
					3663CE3A23268B66009E8BCC = {
						CreatedOnToolsVersion = 10.3;
					};
					3663CE5123268B66009E8BCC = {
						CreatedOnToolsVersion = 10.3;
						TestTargetID = 3663CE3A23268B66009E8BCC;
					};
					3663CE5C23268B66009E8BCC = {
						CreatedOnToolsVersion = 10.3;
						TestTargetID = 3663CE3A23268B66009E8BCC;
					};
				};
			};
			buildConfigurationList = 3663CE3623268B66009E8BCC /* Build configuration list for PBXProject "WorkoutDiary" */;
			compatibilityVersion = "Xcode 9.3";
			developmentRegion = en;
			hasScannedForEncodings = 0;
			knownRegions = (
				en,
				Base,
			);
			mainGroup = 3663CE3223268B66009E8BCC;
			productRefGroup = 3663CE3C23268B66009E8BCC /* Products */;
			projectDirPath = "";
			projectRoot = "";
			targets = (
				3663CE3A23268B66009E8BCC /* WorkoutDiary */,
				3663CE5123268B66009E8BCC /* WorkoutDiaryTests */,
				3663CE5C23268B66009E8BCC /* WorkoutDiaryUITests */,
			);
		};
/* End PBXProject section */

/* Begin PBXResourcesBuildPhase section */
		3663CE3923268B66009E8BCC /* Resources */ = {
			isa = PBXResourcesBuildPhase;
			buildActionMask = 2147483647;
			files = (
				3663CE4C23268B66009E8BCC /* LaunchScreen.storyboard in Resources */,
				3663CE4923268B66009E8BCC /* Assets.xcassets in Resources */,
				3663CE4423268B66009E8BCC /* Main.storyboard in Resources */,
			);
			runOnlyForDeploymentPostprocessing = 0;
		};
		3663CE5023268B66009E8BCC /* Resources */ = {
			isa = PBXResourcesBuildPhase;
			buildActionMask = 2147483647;
			files = (
			);
			runOnlyForDeploymentPostprocessing = 0;
		};
		3663CE5B23268B66009E8BCC /* Resources */ = {
			isa = PBXResourcesBuildPhase;
			buildActionMask = 2147483647;
			files = (
			);
			runOnlyForDeploymentPostprocessing = 0;
		};
/* End PBXResourcesBuildPhase section */

/* Begin PBXShellScriptBuildPhase section */
		364322592350C33E00A5A7E2 /* Run Swiftlint */ = {
			isa = PBXShellScriptBuildPhase;
			buildActionMask = 2147483647;
			files = (
			);
			inputFileListPaths = (
			);
			inputPaths = (
			);
			name = "Run Swiftlint";
			outputFileListPaths = (
			);
			outputPaths = (
			);
			runOnlyForDeploymentPostprocessing = 0;
			shellPath = /bin/sh;
			shellScript = "if which swiftlint >/dev/null; then\n  swiftlint\nelse\n  echo \"warning: SwiftLint not installed.  Run `brew install swiftlint`\"\nfi\n";
		};
/* End PBXShellScriptBuildPhase section */

/* Begin PBXSourcesBuildPhase section */
		3663CE3723268B66009E8BCC /* Sources */ = {
			isa = PBXSourcesBuildPhase;
			buildActionMask = 2147483647;
			files = (
				3610BE752355ECDD00BC3EFF /* ExerciseListViewController.swift in Sources */,
				3610BE732355EA6C00BC3EFF /* DataModel.swift in Sources */,
				3663CE3F23268B66009E8BCC /* AppDelegate.swift in Sources */,
				3610BE7B23560F8900BC3EFF /* ExerciseDetailViewController.swift in Sources */,
				3610BE712355E98100BC3EFF /* Exercise.swift in Sources */,
			);
			runOnlyForDeploymentPostprocessing = 0;
		};
		3663CE4E23268B66009E8BCC /* Sources */ = {
			isa = PBXSourcesBuildPhase;
			buildActionMask = 2147483647;
			files = (
				3610BE792355F35D00BC3EFF /* Exercise.swift in Sources */,
				3610BE772355F2FA00BC3EFF /* DataModelTests.swift in Sources */,
				3610BE782355F31D00BC3EFF /* DataModel.swift in Sources */,
			);
			runOnlyForDeploymentPostprocessing = 0;
		};
		3663CE5923268B66009E8BCC /* Sources */ = {
			isa = PBXSourcesBuildPhase;
			buildActionMask = 2147483647;
			files = (
				3663CE6223268B66009E8BCC /* WorkoutDiaryUITests.swift in Sources */,
			);
			runOnlyForDeploymentPostprocessing = 0;
		};
/* End PBXSourcesBuildPhase section */

/* Begin PBXTargetDependency section */
		3663CE5423268B66009E8BCC /* PBXTargetDependency */ = {
			isa = PBXTargetDependency;
			target = 3663CE3A23268B66009E8BCC /* WorkoutDiary */;
			targetProxy = 3663CE5323268B66009E8BCC /* PBXContainerItemProxy */;
		};
		3663CE5F23268B66009E8BCC /* PBXTargetDependency */ = {
			isa = PBXTargetDependency;
			target = 3663CE3A23268B66009E8BCC /* WorkoutDiary */;
			targetProxy = 3663CE5E23268B66009E8BCC /* PBXContainerItemProxy */;
		};
/* End PBXTargetDependency section */

/* Begin PBXVariantGroup section */
		3663CE4223268B66009E8BCC /* Main.storyboard */ = {
			isa = PBXVariantGroup;
			children = (
				3663CE4323268B66009E8BCC /* Base */,
			);
			name = Main.storyboard;
			sourceTree = "<group>";
		};
		3663CE4A23268B66009E8BCC /* LaunchScreen.storyboard */ = {
			isa = PBXVariantGroup;
			children = (
				3663CE4B23268B66009E8BCC /* Base */,
			);
			name = LaunchScreen.storyboard;
			sourceTree = "<group>";
		};
/* End PBXVariantGroup section */

/* Begin XCBuildConfiguration section */
		3663CE6423268B66009E8BCC /* Debug */ = {
			isa = XCBuildConfiguration;
			buildSettings = {
				ALWAYS_SEARCH_USER_PATHS = NO;
				CLANG_ANALYZER_NONNULL = YES;
				CLANG_ANALYZER_NUMBER_OBJECT_CONVERSION = YES_AGGRESSIVE;
				CLANG_CXX_LANGUAGE_STANDARD = "gnu++14";
				CLANG_CXX_LIBRARY = "libc++";
				CLANG_ENABLE_MODULES = YES;
				CLANG_ENABLE_OBJC_ARC = YES;
				CLANG_ENABLE_OBJC_WEAK = YES;
				CLANG_WARN_BLOCK_CAPTURE_AUTORELEASING = YES;
				CLANG_WARN_BOOL_CONVERSION = YES;
				CLANG_WARN_COMMA = YES;
				CLANG_WARN_CONSTANT_CONVERSION = YES;
				CLANG_WARN_DEPRECATED_OBJC_IMPLEMENTATIONS = YES;
				CLANG_WARN_DIRECT_OBJC_ISA_USAGE = YES_ERROR;
				CLANG_WARN_DOCUMENTATION_COMMENTS = YES;
				CLANG_WARN_EMPTY_BODY = YES;
				CLANG_WARN_ENUM_CONVERSION = YES;
				CLANG_WARN_INFINITE_RECURSION = YES;
				CLANG_WARN_INT_CONVERSION = YES;
				CLANG_WARN_NON_LITERAL_NULL_CONVERSION = YES;
				CLANG_WARN_OBJC_IMPLICIT_RETAIN_SELF = YES;
				CLANG_WARN_OBJC_LITERAL_CONVERSION = YES;
				CLANG_WARN_OBJC_ROOT_CLASS = YES_ERROR;
				CLANG_WARN_RANGE_LOOP_ANALYSIS = YES;
				CLANG_WARN_STRICT_PROTOTYPES = YES;
				CLANG_WARN_SUSPICIOUS_MOVE = YES;
				CLANG_WARN_UNGUARDED_AVAILABILITY = YES_AGGRESSIVE;
				CLANG_WARN_UNREACHABLE_CODE = YES;
				CLANG_WARN__DUPLICATE_METHOD_MATCH = YES;
				CODE_SIGN_IDENTITY = "iPhone Developer";
				COPY_PHASE_STRIP = NO;
				DEBUG_INFORMATION_FORMAT = dwarf;
				ENABLE_STRICT_OBJC_MSGSEND = YES;
				ENABLE_TESTABILITY = YES;
				GCC_C_LANGUAGE_STANDARD = gnu11;
				GCC_DYNAMIC_NO_PIC = NO;
				GCC_NO_COMMON_BLOCKS = YES;
				GCC_OPTIMIZATION_LEVEL = 0;
				GCC_PREPROCESSOR_DEFINITIONS = (
					"DEBUG=1",
					"$(inherited)",
				);
				GCC_WARN_64_TO_32_BIT_CONVERSION = YES;
				GCC_WARN_ABOUT_RETURN_TYPE = YES_ERROR;
				GCC_WARN_UNDECLARED_SELECTOR = YES;
				GCC_WARN_UNINITIALIZED_AUTOS = YES_AGGRESSIVE;
				GCC_WARN_UNUSED_FUNCTION = YES;
				GCC_WARN_UNUSED_VARIABLE = YES;
				IPHONEOS_DEPLOYMENT_TARGET = 12.4;
				MTL_ENABLE_DEBUG_INFO = INCLUDE_SOURCE;
				MTL_FAST_MATH = YES;
				ONLY_ACTIVE_ARCH = YES;
				SDKROOT = iphoneos;
				SWIFT_ACTIVE_COMPILATION_CONDITIONS = DEBUG;
				SWIFT_OPTIMIZATION_LEVEL = "-Onone";
			};
			name = Debug;
		};
		3663CE6523268B66009E8BCC /* Release */ = {
			isa = XCBuildConfiguration;
			buildSettings = {
				ALWAYS_SEARCH_USER_PATHS = NO;
				CLANG_ANALYZER_NONNULL = YES;
				CLANG_ANALYZER_NUMBER_OBJECT_CONVERSION = YES_AGGRESSIVE;
				CLANG_CXX_LANGUAGE_STANDARD = "gnu++14";
				CLANG_CXX_LIBRARY = "libc++";
				CLANG_ENABLE_MODULES = YES;
				CLANG_ENABLE_OBJC_ARC = YES;
				CLANG_ENABLE_OBJC_WEAK = YES;
				CLANG_WARN_BLOCK_CAPTURE_AUTORELEASING = YES;
				CLANG_WARN_BOOL_CONVERSION = YES;
				CLANG_WARN_COMMA = YES;
				CLANG_WARN_CONSTANT_CONVERSION = YES;
				CLANG_WARN_DEPRECATED_OBJC_IMPLEMENTATIONS = YES;
				CLANG_WARN_DIRECT_OBJC_ISA_USAGE = YES_ERROR;
				CLANG_WARN_DOCUMENTATION_COMMENTS = YES;
				CLANG_WARN_EMPTY_BODY = YES;
				CLANG_WARN_ENUM_CONVERSION = YES;
				CLANG_WARN_INFINITE_RECURSION = YES;
				CLANG_WARN_INT_CONVERSION = YES;
				CLANG_WARN_NON_LITERAL_NULL_CONVERSION = YES;
				CLANG_WARN_OBJC_IMPLICIT_RETAIN_SELF = YES;
				CLANG_WARN_OBJC_LITERAL_CONVERSION = YES;
				CLANG_WARN_OBJC_ROOT_CLASS = YES_ERROR;
				CLANG_WARN_RANGE_LOOP_ANALYSIS = YES;
				CLANG_WARN_STRICT_PROTOTYPES = YES;
				CLANG_WARN_SUSPICIOUS_MOVE = YES;
				CLANG_WARN_UNGUARDED_AVAILABILITY = YES_AGGRESSIVE;
				CLANG_WARN_UNREACHABLE_CODE = YES;
				CLANG_WARN__DUPLICATE_METHOD_MATCH = YES;
				CODE_SIGN_IDENTITY = "iPhone Developer";
				COPY_PHASE_STRIP = NO;
				DEBUG_INFORMATION_FORMAT = "dwarf-with-dsym";
				ENABLE_NS_ASSERTIONS = NO;
				ENABLE_STRICT_OBJC_MSGSEND = YES;
				GCC_C_LANGUAGE_STANDARD = gnu11;
				GCC_NO_COMMON_BLOCKS = YES;
				GCC_WARN_64_TO_32_BIT_CONVERSION = YES;
				GCC_WARN_ABOUT_RETURN_TYPE = YES_ERROR;
				GCC_WARN_UNDECLARED_SELECTOR = YES;
				GCC_WARN_UNINITIALIZED_AUTOS = YES_AGGRESSIVE;
				GCC_WARN_UNUSED_FUNCTION = YES;
				GCC_WARN_UNUSED_VARIABLE = YES;
				IPHONEOS_DEPLOYMENT_TARGET = 12.4;
				MTL_ENABLE_DEBUG_INFO = NO;
				MTL_FAST_MATH = YES;
				SDKROOT = iphoneos;
				SWIFT_COMPILATION_MODE = wholemodule;
				SWIFT_OPTIMIZATION_LEVEL = "-O";
				VALIDATE_PRODUCT = YES;
			};
			name = Release;
		};
		3663CE6723268B66009E8BCC /* Debug */ = {
			isa = XCBuildConfiguration;
			buildSettings = {
				ASSETCATALOG_COMPILER_APPICON_NAME = AppIcon;
				CODE_SIGN_STYLE = Manual;
				DEVELOPMENT_TEAM = NRU5YEF35L;
				INFOPLIST_FILE = WorkoutDiary/Support/Info.plist;
				LD_RUNPATH_SEARCH_PATHS = (
					"$(inherited)",
					"@executable_path/Frameworks",
				);
				PRODUCT_BUNDLE_IDENTIFIER = com.martinrist.WorkoutDiary;
				PRODUCT_NAME = "$(TARGET_NAME)";
				PROVISIONING_PROFILE_SPECIFIER = "Workout Diary (Development)";
				SWIFT_VERSION = 5.0;
				TARGETED_DEVICE_FAMILY = "1,2";
			};
			name = Debug;
		};
		3663CE6823268B66009E8BCC /* Release */ = {
			isa = XCBuildConfiguration;
			buildSettings = {
				ASSETCATALOG_COMPILER_APPICON_NAME = AppIcon;
				CODE_SIGN_STYLE = Manual;
				DEVELOPMENT_TEAM = NRU5YEF35L;
				INFOPLIST_FILE = WorkoutDiary/Support/Info.plist;
				LD_RUNPATH_SEARCH_PATHS = (
					"$(inherited)",
					"@executable_path/Frameworks",
				);
				PRODUCT_BUNDLE_IDENTIFIER = com.martinrist.WorkoutDiary;
				PRODUCT_NAME = "$(TARGET_NAME)";
				PROVISIONING_PROFILE_SPECIFIER = "Workout Diary (Development)";
				SWIFT_VERSION = 5.0;
				TARGETED_DEVICE_FAMILY = "1,2";
			};
			name = Release;
		};
		3663CE6A23268B66009E8BCC /* Debug */ = {
			isa = XCBuildConfiguration;
			buildSettings = {
				ALWAYS_EMBED_SWIFT_STANDARD_LIBRARIES = YES;
				BUNDLE_LOADER = "$(TEST_HOST)";
				CODE_SIGN_STYLE = Automatic;
				DEVELOPMENT_TEAM = NRU5YEF35L;
				INFOPLIST_FILE = WorkoutDiaryTests/Info.plist;
				LD_RUNPATH_SEARCH_PATHS = (
					"$(inherited)",
					"@executable_path/Frameworks",
					"@loader_path/Frameworks",
				);
				PRODUCT_BUNDLE_IDENTIFIER = com.martinrist.WorkoutDiaryTests;
				PRODUCT_NAME = "$(TARGET_NAME)";
				SWIFT_VERSION = 5.0;
				TARGETED_DEVICE_FAMILY = "1,2";
				TEST_HOST = "$(BUILT_PRODUCTS_DIR)/WorkoutDiary.app/WorkoutDiary";
			};
			name = Debug;
		};
		3663CE6B23268B66009E8BCC /* Release */ = {
			isa = XCBuildConfiguration;
			buildSettings = {
				ALWAYS_EMBED_SWIFT_STANDARD_LIBRARIES = YES;
				BUNDLE_LOADER = "$(TEST_HOST)";
				CODE_SIGN_STYLE = Automatic;
				DEVELOPMENT_TEAM = NRU5YEF35L;
				INFOPLIST_FILE = WorkoutDiaryTests/Info.plist;
				LD_RUNPATH_SEARCH_PATHS = (
					"$(inherited)",
					"@executable_path/Frameworks",
					"@loader_path/Frameworks",
				);
				PRODUCT_BUNDLE_IDENTIFIER = com.martinrist.WorkoutDiaryTests;
				PRODUCT_NAME = "$(TARGET_NAME)";
				SWIFT_VERSION = 5.0;
				TARGETED_DEVICE_FAMILY = "1,2";
				TEST_HOST = "$(BUILT_PRODUCTS_DIR)/WorkoutDiary.app/WorkoutDiary";
			};
			name = Release;
		};
		3663CE6D23268B66009E8BCC /* Debug */ = {
			isa = XCBuildConfiguration;
			buildSettings = {
				ALWAYS_EMBED_SWIFT_STANDARD_LIBRARIES = YES;
				CODE_SIGN_STYLE = Automatic;
				DEVELOPMENT_TEAM = NRU5YEF35L;
				INFOPLIST_FILE = WorkoutDiaryUITests/Info.plist;
				LD_RUNPATH_SEARCH_PATHS = (
					"$(inherited)",
					"@executable_path/Frameworks",
					"@loader_path/Frameworks",
				);
				PRODUCT_BUNDLE_IDENTIFIER = com.martinrist.WorkoutDiaryUITests;
				PRODUCT_NAME = "$(TARGET_NAME)";
				SWIFT_VERSION = 5.0;
				TARGETED_DEVICE_FAMILY = "1,2";
				TEST_TARGET_NAME = WorkoutDiary;
			};
			name = Debug;
		};
		3663CE6E23268B66009E8BCC /* Release */ = {
			isa = XCBuildConfiguration;
			buildSettings = {
				ALWAYS_EMBED_SWIFT_STANDARD_LIBRARIES = YES;
				CODE_SIGN_STYLE = Automatic;
				DEVELOPMENT_TEAM = NRU5YEF35L;
				INFOPLIST_FILE = WorkoutDiaryUITests/Info.plist;
				LD_RUNPATH_SEARCH_PATHS = (
					"$(inherited)",
					"@executable_path/Frameworks",
					"@loader_path/Frameworks",
				);
				PRODUCT_BUNDLE_IDENTIFIER = com.martinrist.WorkoutDiaryUITests;
				PRODUCT_NAME = "$(TARGET_NAME)";
				SWIFT_VERSION = 5.0;
				TARGETED_DEVICE_FAMILY = "1,2";
				TEST_TARGET_NAME = WorkoutDiary;
			};
			name = Release;
		};
/* End XCBuildConfiguration section */

/* Begin XCConfigurationList section */
		3663CE3623268B66009E8BCC /* Build configuration list for PBXProject "WorkoutDiary" */ = {
			isa = XCConfigurationList;
			buildConfigurations = (
				3663CE6423268B66009E8BCC /* Debug */,
				3663CE6523268B66009E8BCC /* Release */,
			);
			defaultConfigurationIsVisible = 0;
			defaultConfigurationName = Release;
		};
		3663CE6623268B66009E8BCC /* Build configuration list for PBXNativeTarget "WorkoutDiary" */ = {
			isa = XCConfigurationList;
			buildConfigurations = (
				3663CE6723268B66009E8BCC /* Debug */,
				3663CE6823268B66009E8BCC /* Release */,
			);
			defaultConfigurationIsVisible = 0;
			defaultConfigurationName = Release;
		};
		3663CE6923268B66009E8BCC /* Build configuration list for PBXNativeTarget "WorkoutDiaryTests" */ = {
			isa = XCConfigurationList;
			buildConfigurations = (
				3663CE6A23268B66009E8BCC /* Debug */,
				3663CE6B23268B66009E8BCC /* Release */,
			);
			defaultConfigurationIsVisible = 0;
			defaultConfigurationName = Release;
		};
		3663CE6C23268B66009E8BCC /* Build configuration list for PBXNativeTarget "WorkoutDiaryUITests" */ = {
			isa = XCConfigurationList;
			buildConfigurations = (
				3663CE6D23268B66009E8BCC /* Debug */,
				3663CE6E23268B66009E8BCC /* Release */,
			);
			defaultConfigurationIsVisible = 0;
			defaultConfigurationName = Release;
		};
/* End XCConfigurationList section */
	};
	rootObject = 3663CE3323268B66009E8BCC /* Project object */;
}
